
Microsoft Visual Studio Solution File, Format Version 12.00
# Visual Studio Version 17
VisualStudioVersion = 17.0.32112.339
MinimumVisualStudioVersion = 10.0.40219.1
Project("{FAE04EC0-301F-11D3-BF4B-00C04F79EFBC}") = "只出现一次的数字", "只出现一次的数字\只出现一次的数字.csproj", "{729B9923-569B-4A83-BC4E-DCFAE4A0D6C1}"
EndProject
Global
	GlobalSection(SolutionConfigurationPlatforms) = preSolution
		Debug|Any CPU = Debug|Any CPU
		Release|Any CPU = Release|Any CPU
	EndGlobalSection
	GlobalSection(ProjectConfigurationPlatforms) = postSolution
		{729B9923-569B-4A83-BC4E-DCFAE4A0D6C1}.Debug|Any CPU.ActiveCfg = Debug|Any CPU
		{729B9923-569B-4A83-BC4E-DCFAE4A0D6C1}.Debug|Any CPU.Build.0 = Debug|Any CPU
		{729B9923-569B-4A83-BC4E-DCFAE4A0D6C1}.Release|Any CPU.ActiveCfg = Release|Any CPU
		{729B9923-569B-4A83-BC4E-DCFAE4A0D6C1}.Release|Any CPU.Build.0 = Release|Any CPU
	EndGlobalSection
	GlobalSection(SolutionProperties) = preSolution
		HideSolutionNode = FALSE
	EndGlobalSection
	GlobalSection(ExtensibilityGlobals) = postSolution
		SolutionGuid = {37DF2CF3-4625-4C7B-ABFD-CCA7F72E05EB}
	EndGlobalSection
EndGlobal
